
Microsoft Visual Studio Solution File, Format Version 12.00
# Visual Studio 15
Project("{FAE04EC0-301F-11D3-BF4B-00C04F79EFBC}") = "BasicObstacleCourse", "Assembly-CSharp.csproj", "{BB029B1A-EEC2-D238-1828-A38221656ACC}"
EndProject
Global
	GlobalSection(SolutionConfigurationPlatforms) = preSolution
		Debug|Any CPU = Debug|Any CPU
		Release|Any CPU = Release|Any CPU
	EndGlobalSection
	GlobalSection(ProjectConfigurationPlatforms) = postSolution
		{BB029B1A-EEC2-D238-1828-A38221656ACC}.Debug|Any CPU.ActiveCfg = Debug|Any CPU
		{BB029B1A-EEC2-D238-1828-A38221656ACC}.Debug|Any CPU.Build.0 = Debug|Any CPU
		{BB029B1A-EEC2-D238-1828-A38221656ACC}.Release|Any CPU.ActiveCfg = Release|Any CPU
		{BB029B1A-EEC2-D238-1828-A38221656ACC}.Release|Any CPU.Build.0 = Release|Any CPU
	EndGlobalSection
	GlobalSection(SolutionProperties) = preSolution
		HideSolutionNode = FALSE
	EndGlobalSection
EndGlobal
